
Microsoft Visual Studio Solution File, Format Version 12.00
# Visual Studio Version 16
VisualStudioVersion = 16.0.29209.62
MinimumVisualStudioVersion = 10.0.40219.1
Project("{FAE04EC0-301F-11D3-BF4B-00C04F79EFBC}") = "ProjEmpresaWCF", "ProjEmpresaWCF\ProjEmpresaWCF.csproj", "{C116787F-47C3-4546-AE6C-2328BBE75858}"
EndProject
Global
	GlobalSection(SolutionConfigurationPlatforms) = preSolution
		Debug|Any CPU = Debug|Any CPU
		Release|Any CPU = Release|Any CPU
	EndGlobalSection
	GlobalSection(ProjectConfigurationPlatforms) = postSolution
		{C116787F-47C3-4546-AE6C-2328BBE75858}.Debug|Any CPU.ActiveCfg = Debug|Any CPU
		{C116787F-47C3-4546-AE6C-2328BBE75858}.Debug|Any CPU.Build.0 = Debug|Any CPU
		{C116787F-47C3-4546-AE6C-2328BBE75858}.Release|Any CPU.ActiveCfg = Release|Any CPU
		{C116787F-47C3-4546-AE6C-2328BBE75858}.Release|Any CPU.Build.0 = Release|Any CPU
	EndGlobalSection
	GlobalSection(SolutionProperties) = preSolution
		HideSolutionNode = FALSE
	EndGlobalSection
	GlobalSection(ExtensibilityGlobals) = postSolution
		SolutionGuid = {C95751B3-E0F9-4734-A8CE-CCF412EE4831}
	EndGlobalSection
EndGlobal
