
Microsoft Visual Studio Solution File, Format Version 12.00
# Visual Studio Version 16
VisualStudioVersion = 16.0.29209.62
MinimumVisualStudioVersion = 10.0.40219.1
Project("{FAE04EC0-301F-11D3-BF4B-00C04F79EFBC}") = "WebClassAula1", "WebClassAula1\WebClassAula1.csproj", "{3E08C2A1-16BA-49AC-B434-7B1125B445B6}"
EndProject
Global
	GlobalSection(SolutionConfigurationPlatforms) = preSolution
		Debug|Any CPU = Debug|Any CPU
		Release|Any CPU = Release|Any CPU
	EndGlobalSection
	GlobalSection(ProjectConfigurationPlatforms) = postSolution
		{3E08C2A1-16BA-49AC-B434-7B1125B445B6}.Debug|Any CPU.ActiveCfg = Debug|Any CPU
		{3E08C2A1-16BA-49AC-B434-7B1125B445B6}.Debug|Any CPU.Build.0 = Debug|Any CPU
		{3E08C2A1-16BA-49AC-B434-7B1125B445B6}.Release|Any CPU.ActiveCfg = Release|Any CPU
		{3E08C2A1-16BA-49AC-B434-7B1125B445B6}.Release|Any CPU.Build.0 = Release|Any CPU
	EndGlobalSection
	GlobalSection(SolutionProperties) = preSolution
		HideSolutionNode = FALSE
	EndGlobalSection
	GlobalSection(ExtensibilityGlobals) = postSolution
		SolutionGuid = {CC6AB98C-7A64-480F-80D5-D1CE56C21AE8}
	EndGlobalSection
EndGlobal
