
Microsoft Visual Studio Solution File, Format Version 12.00
# Visual Studio Version 16
VisualStudioVersion = 16.0.29209.62
MinimumVisualStudioVersion = 10.0.40219.1
Project("{FAE04EC0-301F-11D3-BF4B-00C04F79EFBC}") = "ProjExWCF", "ProjExWCF\ProjExWCF.csproj", "{51F25330-9133-4776-8C3E-7AACAF2A6A44}"
EndProject
Project("{FAE04EC0-301F-11D3-BF4B-00C04F79EFBC}") = "ServicoHostWCF", "ServicoHostWCF\ServicoHostWCF.csproj", "{D364D750-90C7-4892-BF4E-C8EE7DE3EEA0}"
EndProject
Project("{FAE04EC0-301F-11D3-BF4B-00C04F79EFBC}") = "AcessoDados1", "AcessoDados1\AcessoDados1.csproj", "{1FBD712A-029E-429C-8901-BA49C5C39A83}"
EndProject
Project("{FAE04EC0-301F-11D3-BF4B-00C04F79EFBC}") = "Negocio1", "Negocio1\Negocio1.csproj", "{DFE445EA-2C32-4004-A584-66E1FD0FD9F3}"
EndProject
Project("{FAE04EC0-301F-11D3-BF4B-00C04F79EFBC}") = "Entidade1", "Entidade1\Entidade1.csproj", "{2A3E1345-7F72-452B-A96E-A8169E6AD44C}"
EndProject
Global
	GlobalSection(SolutionConfigurationPlatforms) = preSolution
		Debug|Any CPU = Debug|Any CPU
		Release|Any CPU = Release|Any CPU
	EndGlobalSection
	GlobalSection(ProjectConfigurationPlatforms) = postSolution
		{51F25330-9133-4776-8C3E-7AACAF2A6A44}.Debug|Any CPU.ActiveCfg = Debug|Any CPU
		{51F25330-9133-4776-8C3E-7AACAF2A6A44}.Debug|Any CPU.Build.0 = Debug|Any CPU
		{51F25330-9133-4776-8C3E-7AACAF2A6A44}.Release|Any CPU.ActiveCfg = Release|Any CPU
		{51F25330-9133-4776-8C3E-7AACAF2A6A44}.Release|Any CPU.Build.0 = Release|Any CPU
		{D364D750-90C7-4892-BF4E-C8EE7DE3EEA0}.Debug|Any CPU.ActiveCfg = Debug|Any CPU
		{D364D750-90C7-4892-BF4E-C8EE7DE3EEA0}.Debug|Any CPU.Build.0 = Debug|Any CPU
		{D364D750-90C7-4892-BF4E-C8EE7DE3EEA0}.Release|Any CPU.ActiveCfg = Release|Any CPU
		{D364D750-90C7-4892-BF4E-C8EE7DE3EEA0}.Release|Any CPU.Build.0 = Release|Any CPU
		{1FBD712A-029E-429C-8901-BA49C5C39A83}.Debug|Any CPU.ActiveCfg = Debug|Any CPU
		{1FBD712A-029E-429C-8901-BA49C5C39A83}.Debug|Any CPU.Build.0 = Debug|Any CPU
		{1FBD712A-029E-429C-8901-BA49C5C39A83}.Release|Any CPU.ActiveCfg = Release|Any CPU
		{1FBD712A-029E-429C-8901-BA49C5C39A83}.Release|Any CPU.Build.0 = Release|Any CPU
		{DFE445EA-2C32-4004-A584-66E1FD0FD9F3}.Debug|Any CPU.ActiveCfg = Debug|Any CPU
		{DFE445EA-2C32-4004-A584-66E1FD0FD9F3}.Debug|Any CPU.Build.0 = Debug|Any CPU
		{DFE445EA-2C32-4004-A584-66E1FD0FD9F3}.Release|Any CPU.ActiveCfg = Release|Any CPU
		{DFE445EA-2C32-4004-A584-66E1FD0FD9F3}.Release|Any CPU.Build.0 = Release|Any CPU
		{2A3E1345-7F72-452B-A96E-A8169E6AD44C}.Debug|Any CPU.ActiveCfg = Debug|Any CPU
		{2A3E1345-7F72-452B-A96E-A8169E6AD44C}.Debug|Any CPU.Build.0 = Debug|Any CPU
		{2A3E1345-7F72-452B-A96E-A8169E6AD44C}.Release|Any CPU.ActiveCfg = Release|Any CPU
		{2A3E1345-7F72-452B-A96E-A8169E6AD44C}.Release|Any CPU.Build.0 = Release|Any CPU
	EndGlobalSection
	GlobalSection(SolutionProperties) = preSolution
		HideSolutionNode = FALSE
	EndGlobalSection
	GlobalSection(ExtensibilityGlobals) = postSolution
		SolutionGuid = {B78B9B91-5036-459A-8B71-45F6CF9739FD}
	EndGlobalSection
EndGlobal
